{
  "originHash" : "1e43d8e579573f9eae582a892a0b81cd50e283d565050e829157b5433ad5a1b3",
  "pins" : [
    {
      "identity" : "calls-swift",
      "kind" : "remoteSourceControl",
      "location" : "https://github.com/tech41-de/calls-swift",
      "state" : {
        "branch" : "main",
        "revision" : "83aa5f13348b8723968783d8fe7f694258be1f14"
      }
    },
    {
      "identity" : "specs",
      "kind" : "remoteSourceControl",
      "location" : "https://github.com/webrtc-sdk/Specs.git",
      "state" : {
        "revision" : "67116cbbdc5925a8565f5157de4ade6e9e9737ed",
        "version" : "125.6422.4"
      }
    }
  ],
  "version" : 3
}
