{
  "originHash" : "73851f44961aaac4aeaab6f2969b56828fd2743fcbb82d9ab31120a7e659e1c2",
  "pins" : [
    {
      "identity" : "calls-swift",
      "kind" : "remoteSourceControl",
      "location" : "https://github.com/tech41-de/calls-swift",
      "state" : {
        "branch" : "main",
        "revision" : "02a4c4a48f0c46e1cf2d9f4dcdb9fcc9516f5184"
      }
    },
    {
      "identity" : "specs",
      "kind" : "remoteSourceControl",
      "location" : "https://github.com/webrtc-sdk/Specs.git",
      "state" : {
        "revision" : "67116cbbdc5925a8565f5157de4ade6e9e9737ed",
        "version" : "125.6422.4"
      }
    },
    {
      "identity" : "starscream",
      "kind" : "remoteSourceControl",
      "location" : "https://github.com/daltoniam/Starscream.git",
      "state" : {
        "revision" : "c6bfd1af48efcc9a9ad203665db12375ba6b145a",
        "version" : "4.0.8"
      }
    }
  ],
  "version" : 3
}
